
Microsoft Visual Studio Solution File, Format Version 11.00
# Visual Studio 2010
Project("{FAE04EC0-301F-11D3-BF4B-00C04F79EFBC}") = "Etherboy", "Assembly-CSharp.csproj", "{1FB1450B-2782-F275-67CD-14A2B7FAC62E}"
EndProject
Project("{FAE04EC0-301F-11D3-BF4B-00C04F79EFBC}") = "Etherboy", "Assembly-CSharp-firstpass.csproj", "{711EB82A-090E-E45C-631C-6C5BFD2982D1}"
EndProject
Project("{FAE04EC0-301F-11D3-BF4B-00C04F79EFBC}") = "Etherboy", "Assembly-CSharp-Editor.csproj", "{BAB7D3A9-1D2D-B5E8-4D2B-DAAB4E8A901D}"
EndProject
Project("{FAE04EC0-301F-11D3-BF4B-00C04F79EFBC}") = "Etherboy", "Assembly-CSharp-Editor-firstpass.csproj", "{501B9064-42A7-3632-FF5F-E56C3C0431B7}"
EndProject
Global
	GlobalSection(SolutionConfigurationPlatforms) = preSolution
		Debug|Any CPU = Debug|Any CPU
		Release|Any CPU = Release|Any CPU
	EndGlobalSection
	GlobalSection(ProjectConfigurationPlatforms) = postSolution
		{1FB1450B-2782-F275-67CD-14A2B7FAC62E}.Debug|Any CPU.ActiveCfg = Debug|Any CPU
		{1FB1450B-2782-F275-67CD-14A2B7FAC62E}.Debug|Any CPU.Build.0 = Debug|Any CPU
		{1FB1450B-2782-F275-67CD-14A2B7FAC62E}.Release|Any CPU.ActiveCfg = Release|Any CPU
		{1FB1450B-2782-F275-67CD-14A2B7FAC62E}.Release|Any CPU.Build.0 = Release|Any CPU
		{711EB82A-090E-E45C-631C-6C5BFD2982D1}.Debug|Any CPU.ActiveCfg = Debug|Any CPU
		{711EB82A-090E-E45C-631C-6C5BFD2982D1}.Debug|Any CPU.Build.0 = Debug|Any CPU
		{711EB82A-090E-E45C-631C-6C5BFD2982D1}.Release|Any CPU.ActiveCfg = Release|Any CPU
		{711EB82A-090E-E45C-631C-6C5BFD2982D1}.Release|Any CPU.Build.0 = Release|Any CPU
		{BAB7D3A9-1D2D-B5E8-4D2B-DAAB4E8A901D}.Debug|Any CPU.ActiveCfg = Debug|Any CPU
		{BAB7D3A9-1D2D-B5E8-4D2B-DAAB4E8A901D}.Debug|Any CPU.Build.0 = Debug|Any CPU
		{BAB7D3A9-1D2D-B5E8-4D2B-DAAB4E8A901D}.Release|Any CPU.ActiveCfg = Release|Any CPU
		{BAB7D3A9-1D2D-B5E8-4D2B-DAAB4E8A901D}.Release|Any CPU.Build.0 = Release|Any CPU
		{501B9064-42A7-3632-FF5F-E56C3C0431B7}.Debug|Any CPU.ActiveCfg = Debug|Any CPU
		{501B9064-42A7-3632-FF5F-E56C3C0431B7}.Debug|Any CPU.Build.0 = Debug|Any CPU
		{501B9064-42A7-3632-FF5F-E56C3C0431B7}.Release|Any CPU.ActiveCfg = Release|Any CPU
		{501B9064-42A7-3632-FF5F-E56C3C0431B7}.Release|Any CPU.Build.0 = Release|Any CPU
	EndGlobalSection
	GlobalSection(SolutionProperties) = preSolution
		HideSolutionNode = FALSE
	EndGlobalSection
	GlobalSection(MonoDevelopProperties) = preSolution
		StartupItem = Assembly-CSharp.csproj
	EndGlobalSection
EndGlobal
