
Microsoft Visual Studio Solution File, Format Version 12.00
# Visual Studio 2015
Project("{FAE04EC0-301F-11D3-BF4B-00C04F79EFBC}") = "Etherboy", "Etherboy.csproj", "{ECFCE7B3-7459-5527-FC86-6AF5AE675FA5}"
EndProject
Global
	GlobalSection(SolutionConfigurationPlatforms) = preSolution
		Debug|Any CPU = Debug|Any CPU
		Release|Any CPU = Release|Any CPU
	EndGlobalSection
	GlobalSection(ProjectConfigurationPlatforms) = postSolution
		{ECFCE7B3-7459-5527-FC86-6AF5AE675FA5}.Debug|Any CPU.ActiveCfg = Debug|Any CPU
		{ECFCE7B3-7459-5527-FC86-6AF5AE675FA5}.Debug|Any CPU.Build.0 = Debug|Any CPU
		{ECFCE7B3-7459-5527-FC86-6AF5AE675FA5}.Release|Any CPU.ActiveCfg = Release|Any CPU
		{ECFCE7B3-7459-5527-FC86-6AF5AE675FA5}.Release|Any CPU.Build.0 = Release|Any CPU
	EndGlobalSection
	GlobalSection(SolutionProperties) = preSolution
		HideSolutionNode = FALSE
	EndGlobalSection
EndGlobal
